
Microsoft Visual Studio Solution File, Format Version 12.00
# Visual Studio 14
VisualStudioVersion = 14.0.25420.1
MinimumVisualStudioVersion = 10.0.40219.1
Project("{D4B43EB3-688B-4EEE-86BD-088F0B28ABB3}") = "IT Asset Management Base", "IT Asset Management Base\IT Asset Management Base.mpproj", "{CBBBD079-1577-40C1-B5E7-8F4F2CF45B83}"
EndProject
Project("{FAE04EC0-301F-11D3-BF4B-00C04F79EFBC}") = "ITAssetMgmtForms", "ITAssetMgmtForms\ITAssetMgmtForms\ITAssetMgmtForms.csproj", "{B5AACF90-BE7B-498A-B4E2-D1D4F1C1F499}"
EndProject
Project("{FAE04EC0-301F-11D3-BF4B-00C04F79EFBC}") = "ITAssetManagementTasks", "ITAssetManagementTasks\ITAssetManagementTasks.csproj", "{A57EDF62-BAD2-4C6E-8B92-A8B2CF98B1CA}"
EndProject
Project("{FAE04EC0-301F-11D3-BF4B-00C04F79EFBC}") = "ITSMLicenseGridView", "ITSMLicenseGridView\ITSMLicenseGridView.csproj", "{BF52D554-86A3-4ECA-BA63-4BF25C36D8F0}"
EndProject
Project("{D4B43EB3-688B-4EEE-86BD-088F0B28ABB3}") = "IT Asset Management DW", "IT Asset Management DW\IT Asset Management DW.mpproj", "{34F38FB6-413D-48E0-9B1D-D0195BBB9E4E}"
EndProject
Project("{D4B43EB3-688B-4EEE-86BD-088F0B28ABB3}") = "IT Asset Management Cube", "IT Asset Management Cube\IT Asset Management Cube.mpproj", "{2891D0ED-D634-4108-9F95-2594814B47A2}"
EndProject
Global
	GlobalSection(SolutionConfigurationPlatforms) = preSolution
		CD_ROM|Any CPU = CD_ROM|Any CPU
		CD_ROM|ARM = CD_ROM|ARM
		CD_ROM|Mixed Platforms = CD_ROM|Mixed Platforms
		CD_ROM|x64 = CD_ROM|x64
		CD_ROM|x86 = CD_ROM|x86
		Debug|Any CPU = Debug|Any CPU
		Debug|ARM = Debug|ARM
		Debug|Mixed Platforms = Debug|Mixed Platforms
		Debug|x64 = Debug|x64
		Debug|x86 = Debug|x86
		DVD-5|Any CPU = DVD-5|Any CPU
		DVD-5|ARM = DVD-5|ARM
		DVD-5|Mixed Platforms = DVD-5|Mixed Platforms
		DVD-5|x64 = DVD-5|x64
		DVD-5|x86 = DVD-5|x86
		Release|Any CPU = Release|Any CPU
		Release|ARM = Release|ARM
		Release|Mixed Platforms = Release|Mixed Platforms
		Release|x64 = Release|x64
		Release|x86 = Release|x86
		SingleImage|Any CPU = SingleImage|Any CPU
		SingleImage|ARM = SingleImage|ARM
		SingleImage|Mixed Platforms = SingleImage|Mixed Platforms
		SingleImage|x64 = SingleImage|x64
		SingleImage|x86 = SingleImage|x86
	EndGlobalSection
	GlobalSection(ProjectConfigurationPlatforms) = postSolution
		{CBBBD079-1577-40C1-B5E7-8F4F2CF45B83}.CD_ROM|Any CPU.ActiveCfg = Release|x86
		{CBBBD079-1577-40C1-B5E7-8F4F2CF45B83}.CD_ROM|Any CPU.Build.0 = Release|x86
		{CBBBD079-1577-40C1-B5E7-8F4F2CF45B83}.CD_ROM|ARM.ActiveCfg = Release|x86
		{CBBBD079-1577-40C1-B5E7-8F4F2CF45B83}.CD_ROM|ARM.Build.0 = Release|x86
		{CBBBD079-1577-40C1-B5E7-8F4F2CF45B83}.CD_ROM|Mixed Platforms.ActiveCfg = Release|x86
		{CBBBD079-1577-40C1-B5E7-8F4F2CF45B83}.CD_ROM|Mixed Platforms.Build.0 = Release|x86
		{CBBBD079-1577-40C1-B5E7-8F4F2CF45B83}.CD_ROM|x64.ActiveCfg = Release|x86
		{CBBBD079-1577-40C1-B5E7-8F4F2CF45B83}.CD_ROM|x64.Build.0 = Release|x86
		{CBBBD079-1577-40C1-B5E7-8F4F2CF45B83}.CD_ROM|x86.ActiveCfg = Release|x86
		{CBBBD079-1577-40C1-B5E7-8F4F2CF45B83}.CD_ROM|x86.Build.0 = Release|x86
		{CBBBD079-1577-40C1-B5E7-8F4F2CF45B83}.Debug|Any CPU.ActiveCfg = Debug|x86
		{CBBBD079-1577-40C1-B5E7-8F4F2CF45B83}.Debug|ARM.ActiveCfg = Debug|x86
		{CBBBD079-1577-40C1-B5E7-8F4F2CF45B83}.Debug|Mixed Platforms.ActiveCfg = Debug|x86
		{CBBBD079-1577-40C1-B5E7-8F4F2CF45B83}.Debug|Mixed Platforms.Build.0 = Debug|x86
		{CBBBD079-1577-40C1-B5E7-8F4F2CF45B83}.Debug|x64.ActiveCfg = Debug|x86
		{CBBBD079-1577-40C1-B5E7-8F4F2CF45B83}.Debug|x86.ActiveCfg = Debug|x86
		{CBBBD079-1577-40C1-B5E7-8F4F2CF45B83}.Debug|x86.Build.0 = Debug|x86
		{CBBBD079-1577-40C1-B5E7-8F4F2CF45B83}.DVD-5|Any CPU.ActiveCfg = Release|x86
		{CBBBD079-1577-40C1-B5E7-8F4F2CF45B83}.DVD-5|Any CPU.Build.0 = Release|x86
		{CBBBD079-1577-40C1-B5E7-8F4F2CF45B83}.DVD-5|ARM.ActiveCfg = Release|x86
		{CBBBD079-1577-40C1-B5E7-8F4F2CF45B83}.DVD-5|ARM.Build.0 = Release|x86
		{CBBBD079-1577-40C1-B5E7-8F4F2CF45B83}.DVD-5|Mixed Platforms.ActiveCfg = Debug|x86
		{CBBBD079-1577-40C1-B5E7-8F4F2CF45B83}.DVD-5|Mixed Platforms.Build.0 = Debug|x86
		{CBBBD079-1577-40C1-B5E7-8F4F2CF45B83}.DVD-5|x64.ActiveCfg = Release|x86
		{CBBBD079-1577-40C1-B5E7-8F4F2CF45B83}.DVD-5|x64.Build.0 = Release|x86
		{CBBBD079-1577-40C1-B5E7-8F4F2CF45B83}.DVD-5|x86.ActiveCfg = Debug|x86
		{CBBBD079-1577-40C1-B5E7-8F4F2CF45B83}.DVD-5|x86.Build.0 = Debug|x86
		{CBBBD079-1577-40C1-B5E7-8F4F2CF45B83}.Release|Any CPU.ActiveCfg = Release|x86
		{CBBBD079-1577-40C1-B5E7-8F4F2CF45B83}.Release|ARM.ActiveCfg = Release|x86
		{CBBBD079-1577-40C1-B5E7-8F4F2CF45B83}.Release|Mixed Platforms.ActiveCfg = Release|x86
		{CBBBD079-1577-40C1-B5E7-8F4F2CF45B83}.Release|Mixed Platforms.Build.0 = Release|x86
		{CBBBD079-1577-40C1-B5E7-8F4F2CF45B83}.Release|x64.ActiveCfg = Release|x86
		{CBBBD079-1577-40C1-B5E7-8F4F2CF45B83}.Release|x86.ActiveCfg = Release|x86
		{CBBBD079-1577-40C1-B5E7-8F4F2CF45B83}.Release|x86.Build.0 = Release|x86
		{CBBBD079-1577-40C1-B5E7-8F4F2CF45B83}.SingleImage|Any CPU.ActiveCfg = Release|x86
		{CBBBD079-1577-40C1-B5E7-8F4F2CF45B83}.SingleImage|Any CPU.Build.0 = Release|x86
		{CBBBD079-1577-40C1-B5E7-8F4F2CF45B83}.SingleImage|ARM.ActiveCfg = Release|x86
		{CBBBD079-1577-40C1-B5E7-8F4F2CF45B83}.SingleImage|ARM.Build.0 = Release|x86
		{CBBBD079-1577-40C1-B5E7-8F4F2CF45B83}.SingleImage|Mixed Platforms.ActiveCfg = Release|x86
		{CBBBD079-1577-40C1-B5E7-8F4F2CF45B83}.SingleImage|Mixed Platforms.Build.0 = Release|x86
		{CBBBD079-1577-40C1-B5E7-8F4F2CF45B83}.SingleImage|x64.ActiveCfg = Release|x86
		{CBBBD079-1577-40C1-B5E7-8F4F2CF45B83}.SingleImage|x64.Build.0 = Release|x86
		{CBBBD079-1577-40C1-B5E7-8F4F2CF45B83}.SingleImage|x86.ActiveCfg = Release|x86
		{CBBBD079-1577-40C1-B5E7-8F4F2CF45B83}.SingleImage|x86.Build.0 = Release|x86
		{B5AACF90-BE7B-498A-B4E2-D1D4F1C1F499}.CD_ROM|Any CPU.ActiveCfg = Release|Any CPU
		{B5AACF90-BE7B-498A-B4E2-D1D4F1C1F499}.CD_ROM|Any CPU.Build.0 = Release|Any CPU
		{B5AACF90-BE7B-498A-B4E2-D1D4F1C1F499}.CD_ROM|ARM.ActiveCfg = Release|Any CPU
		{B5AACF90-BE7B-498A-B4E2-D1D4F1C1F499}.CD_ROM|ARM.Build.0 = Release|Any CPU
		{B5AACF90-BE7B-498A-B4E2-D1D4F1C1F499}.CD_ROM|Mixed Platforms.ActiveCfg = Release|Any CPU
		{B5AACF90-BE7B-498A-B4E2-D1D4F1C1F499}.CD_ROM|Mixed Platforms.Build.0 = Release|Any CPU
		{B5AACF90-BE7B-498A-B4E2-D1D4F1C1F499}.CD_ROM|x64.ActiveCfg = Release|Any CPU
		{B5AACF90-BE7B-498A-B4E2-D1D4F1C1F499}.CD_ROM|x64.Build.0 = Release|Any CPU
		{B5AACF90-BE7B-498A-B4E2-D1D4F1C1F499}.CD_ROM|x86.ActiveCfg = Release|Any CPU
		{B5AACF90-BE7B-498A-B4E2-D1D4F1C1F499}.CD_ROM|x86.Build.0 = Release|Any CPU
		{B5AACF90-BE7B-498A-B4E2-D1D4F1C1F499}.Debug|Any CPU.ActiveCfg = Debug|Any CPU
		{B5AACF90-BE7B-498A-B4E2-D1D4F1C1F499}.Debug|Any CPU.Build.0 = Debug|Any CPU
		{B5AACF90-BE7B-498A-B4E2-D1D4F1C1F499}.Debug|ARM.ActiveCfg = Debug|Any CPU
		{B5AACF90-BE7B-498A-B4E2-D1D4F1C1F499}.Debug|ARM.Build.0 = Debug|Any CPU
		{B5AACF90-BE7B-498A-B4E2-D1D4F1C1F499}.Debug|Mixed Platforms.ActiveCfg = Debug|Any CPU
		{B5AACF90-BE7B-498A-B4E2-D1D4F1C1F499}.Debug|Mixed Platforms.Build.0 = Debug|Any CPU
		{B5AACF90-BE7B-498A-B4E2-D1D4F1C1F499}.Debug|x64.ActiveCfg = Debug|Any CPU
		{B5AACF90-BE7B-498A-B4E2-D1D4F1C1F499}.Debug|x64.Build.0 = Debug|Any CPU
		{B5AACF90-BE7B-498A-B4E2-D1D4F1C1F499}.Debug|x86.ActiveCfg = Debug|Any CPU
		{B5AACF90-BE7B-498A-B4E2-D1D4F1C1F499}.DVD-5|Any CPU.ActiveCfg = Debug|Any CPU
		{B5AACF90-BE7B-498A-B4E2-D1D4F1C1F499}.DVD-5|Any CPU.Build.0 = Debug|Any CPU
		{B5AACF90-BE7B-498A-B4E2-D1D4F1C1F499}.DVD-5|ARM.ActiveCfg = Debug|Any CPU
		{B5AACF90-BE7B-498A-B4E2-D1D4F1C1F499}.DVD-5|ARM.Build.0 = Debug|Any CPU
		{B5AACF90-BE7B-498A-B4E2-D1D4F1C1F499}.DVD-5|Mixed Platforms.ActiveCfg = Debug|Any CPU
		{B5AACF90-BE7B-498A-B4E2-D1D4F1C1F499}.DVD-5|Mixed Platforms.Build.0 = Debug|Any CPU
		{B5AACF90-BE7B-498A-B4E2-D1D4F1C1F499}.DVD-5|x64.ActiveCfg = Debug|Any CPU
		{B5AACF90-BE7B-498A-B4E2-D1D4F1C1F499}.DVD-5|x64.Build.0 = Debug|Any CPU
		{B5AACF90-BE7B-498A-B4E2-D1D4F1C1F499}.DVD-5|x86.ActiveCfg = Debug|Any CPU
		{B5AACF90-BE7B-498A-B4E2-D1D4F1C1F499}.DVD-5|x86.Build.0 = Debug|Any CPU
		{B5AACF90-BE7B-498A-B4E2-D1D4F1C1F499}.Release|Any CPU.ActiveCfg = Release|Any CPU
		{B5AACF90-BE7B-498A-B4E2-D1D4F1C1F499}.Release|Any CPU.Build.0 = Release|Any CPU
		{B5AACF90-BE7B-498A-B4E2-D1D4F1C1F499}.Release|ARM.ActiveCfg = Release|Any CPU
		{B5AACF90-BE7B-498A-B4E2-D1D4F1C1F499}.Release|ARM.Build.0 = Release|Any CPU
		{B5AACF90-BE7B-498A-B4E2-D1D4F1C1F499}.Release|Mixed Platforms.ActiveCfg = Release|Any CPU
		{B5AACF90-BE7B-498A-B4E2-D1D4F1C1F499}.Release|Mixed Platforms.Build.0 = Release|Any CPU
		{B5AACF90-BE7B-498A-B4E2-D1D4F1C1F499}.Release|x64.ActiveCfg = Release|Any CPU
		{B5AACF90-BE7B-498A-B4E2-D1D4F1C1F499}.Release|x64.Build.0 = Release|Any CPU
		{B5AACF90-BE7B-498A-B4E2-D1D4F1C1F499}.Release|x86.ActiveCfg = Release|Any CPU
		{B5AACF90-BE7B-498A-B4E2-D1D4F1C1F499}.SingleImage|Any CPU.ActiveCfg = Release|Any CPU
		{B5AACF90-BE7B-498A-B4E2-D1D4F1C1F499}.SingleImage|Any CPU.Build.0 = Release|Any CPU
		{B5AACF90-BE7B-498A-B4E2-D1D4F1C1F499}.SingleImage|ARM.ActiveCfg = Release|Any CPU
		{B5AACF90-BE7B-498A-B4E2-D1D4F1C1F499}.SingleImage|ARM.Build.0 = Release|Any CPU
		{B5AACF90-BE7B-498A-B4E2-D1D4F1C1F499}.SingleImage|Mixed Platforms.ActiveCfg = Release|Any CPU
		{B5AACF90-BE7B-498A-B4E2-D1D4F1C1F499}.SingleImage|Mixed Platforms.Build.0 = Release|Any CPU
		{B5AACF90-BE7B-498A-B4E2-D1D4F1C1F499}.SingleImage|x64.ActiveCfg = Release|Any CPU
		{B5AACF90-BE7B-498A-B4E2-D1D4F1C1F499}.SingleImage|x64.Build.0 = Release|Any CPU
		{B5AACF90-BE7B-498A-B4E2-D1D4F1C1F499}.SingleImage|x86.ActiveCfg = Release|Any CPU
		{B5AACF90-BE7B-498A-B4E2-D1D4F1C1F499}.SingleImage|x86.Build.0 = Release|Any CPU
		{A57EDF62-BAD2-4C6E-8B92-A8B2CF98B1CA}.CD_ROM|Any CPU.ActiveCfg = Release|Any CPU
		{A57EDF62-BAD2-4C6E-8B92-A8B2CF98B1CA}.CD_ROM|Any CPU.Build.0 = Release|Any CPU
		{A57EDF62-BAD2-4C6E-8B92-A8B2CF98B1CA}.CD_ROM|ARM.ActiveCfg = Release|Any CPU
		{A57EDF62-BAD2-4C6E-8B92-A8B2CF98B1CA}.CD_ROM|ARM.Build.0 = Release|Any CPU
		{A57EDF62-BAD2-4C6E-8B92-A8B2CF98B1CA}.CD_ROM|Mixed Platforms.ActiveCfg = Release|Any CPU
		{A57EDF62-BAD2-4C6E-8B92-A8B2CF98B1CA}.CD_ROM|Mixed Platforms.Build.0 = Release|Any CPU
		{A57EDF62-BAD2-4C6E-8B92-A8B2CF98B1CA}.CD_ROM|x64.ActiveCfg = Release|Any CPU
		{A57EDF62-BAD2-4C6E-8B92-A8B2CF98B1CA}.CD_ROM|x64.Build.0 = Release|Any CPU
		{A57EDF62-BAD2-4C6E-8B92-A8B2CF98B1CA}.CD_ROM|x86.ActiveCfg = Release|Any CPU
		{A57EDF62-BAD2-4C6E-8B92-A8B2CF98B1CA}.CD_ROM|x86.Build.0 = Release|Any CPU
		{A57EDF62-BAD2-4C6E-8B92-A8B2CF98B1CA}.Debug|Any CPU.ActiveCfg = Debug|Any CPU
		{A57EDF62-BAD2-4C6E-8B92-A8B2CF98B1CA}.Debug|Any CPU.Build.0 = Debug|Any CPU
		{A57EDF62-BAD2-4C6E-8B92-A8B2CF98B1CA}.Debug|ARM.ActiveCfg = Debug|Any CPU
		{A57EDF62-BAD2-4C6E-8B92-A8B2CF98B1CA}.Debug|ARM.Build.0 = Debug|Any CPU
		{A57EDF62-BAD2-4C6E-8B92-A8B2CF98B1CA}.Debug|Mixed Platforms.ActiveCfg = Debug|Any CPU
		{A57EDF62-BAD2-4C6E-8B92-A8B2CF98B1CA}.Debug|Mixed Platforms.Build.0 = Debug|Any CPU
		{A57EDF62-BAD2-4C6E-8B92-A8B2CF98B1CA}.Debug|x64.ActiveCfg = Debug|Any CPU
		{A57EDF62-BAD2-4C6E-8B92-A8B2CF98B1CA}.Debug|x64.Build.0 = Debug|Any CPU
		{A57EDF62-BAD2-4C6E-8B92-A8B2CF98B1CA}.Debug|x86.ActiveCfg = Debug|Any CPU
		{A57EDF62-BAD2-4C6E-8B92-A8B2CF98B1CA}.DVD-5|Any CPU.ActiveCfg = Debug|Any CPU
		{A57EDF62-BAD2-4C6E-8B92-A8B2CF98B1CA}.DVD-5|Any CPU.Build.0 = Debug|Any CPU
		{A57EDF62-BAD2-4C6E-8B92-A8B2CF98B1CA}.DVD-5|ARM.ActiveCfg = Debug|Any CPU
		{A57EDF62-BAD2-4C6E-8B92-A8B2CF98B1CA}.DVD-5|ARM.Build.0 = Debug|Any CPU
		{A57EDF62-BAD2-4C6E-8B92-A8B2CF98B1CA}.DVD-5|Mixed Platforms.ActiveCfg = Debug|Any CPU
		{A57EDF62-BAD2-4C6E-8B92-A8B2CF98B1CA}.DVD-5|Mixed Platforms.Build.0 = Debug|Any CPU
		{A57EDF62-BAD2-4C6E-8B92-A8B2CF98B1CA}.DVD-5|x64.ActiveCfg = Debug|Any CPU
		{A57EDF62-BAD2-4C6E-8B92-A8B2CF98B1CA}.DVD-5|x64.Build.0 = Debug|Any CPU
		{A57EDF62-BAD2-4C6E-8B92-A8B2CF98B1CA}.DVD-5|x86.ActiveCfg = Debug|Any CPU
		{A57EDF62-BAD2-4C6E-8B92-A8B2CF98B1CA}.DVD-5|x86.Build.0 = Debug|Any CPU
		{A57EDF62-BAD2-4C6E-8B92-A8B2CF98B1CA}.Release|Any CPU.ActiveCfg = Release|Any CPU
		{A57EDF62-BAD2-4C6E-8B92-A8B2CF98B1CA}.Release|Any CPU.Build.0 = Release|Any CPU
		{A57EDF62-BAD2-4C6E-8B92-A8B2CF98B1CA}.Release|ARM.ActiveCfg = Release|Any CPU
		{A57EDF62-BAD2-4C6E-8B92-A8B2CF98B1CA}.Release|ARM.Build.0 = Release|Any CPU
		{A57EDF62-BAD2-4C6E-8B92-A8B2CF98B1CA}.Release|Mixed Platforms.ActiveCfg = Release|Any CPU
		{A57EDF62-BAD2-4C6E-8B92-A8B2CF98B1CA}.Release|Mixed Platforms.Build.0 = Release|Any CPU
		{A57EDF62-BAD2-4C6E-8B92-A8B2CF98B1CA}.Release|x64.ActiveCfg = Release|Any CPU
		{A57EDF62-BAD2-4C6E-8B92-A8B2CF98B1CA}.Release|x64.Build.0 = Release|Any CPU
		{A57EDF62-BAD2-4C6E-8B92-A8B2CF98B1CA}.Release|x86.ActiveCfg = Release|Any CPU
		{A57EDF62-BAD2-4C6E-8B92-A8B2CF98B1CA}.SingleImage|Any CPU.ActiveCfg = Release|Any CPU
		{A57EDF62-BAD2-4C6E-8B92-A8B2CF98B1CA}.SingleImage|Any CPU.Build.0 = Release|Any CPU
		{A57EDF62-BAD2-4C6E-8B92-A8B2CF98B1CA}.SingleImage|ARM.ActiveCfg = Release|Any CPU
		{A57EDF62-BAD2-4C6E-8B92-A8B2CF98B1CA}.SingleImage|ARM.Build.0 = Release|Any CPU
		{A57EDF62-BAD2-4C6E-8B92-A8B2CF98B1CA}.SingleImage|Mixed Platforms.ActiveCfg = Release|Any CPU
		{A57EDF62-BAD2-4C6E-8B92-A8B2CF98B1CA}.SingleImage|Mixed Platforms.Build.0 = Release|Any CPU
		{A57EDF62-BAD2-4C6E-8B92-A8B2CF98B1CA}.SingleImage|x64.ActiveCfg = Release|Any CPU
		{A57EDF62-BAD2-4C6E-8B92-A8B2CF98B1CA}.SingleImage|x64.Build.0 = Release|Any CPU
		{A57EDF62-BAD2-4C6E-8B92-A8B2CF98B1CA}.SingleImage|x86.ActiveCfg = Release|Any CPU
		{A57EDF62-BAD2-4C6E-8B92-A8B2CF98B1CA}.SingleImage|x86.Build.0 = Release|Any CPU
		{BF52D554-86A3-4ECA-BA63-4BF25C36D8F0}.CD_ROM|Any CPU.ActiveCfg = Release|Any CPU
		{BF52D554-86A3-4ECA-BA63-4BF25C36D8F0}.CD_ROM|Any CPU.Build.0 = Release|Any CPU
		{BF52D554-86A3-4ECA-BA63-4BF25C36D8F0}.CD_ROM|ARM.ActiveCfg = Release|Any CPU
		{BF52D554-86A3-4ECA-BA63-4BF25C36D8F0}.CD_ROM|ARM.Build.0 = Release|Any CPU
		{BF52D554-86A3-4ECA-BA63-4BF25C36D8F0}.CD_ROM|Mixed Platforms.ActiveCfg = Release|Any CPU
		{BF52D554-86A3-4ECA-BA63-4BF25C36D8F0}.CD_ROM|Mixed Platforms.Build.0 = Release|Any CPU
		{BF52D554-86A3-4ECA-BA63-4BF25C36D8F0}.CD_ROM|x64.ActiveCfg = Release|Any CPU
		{BF52D554-86A3-4ECA-BA63-4BF25C36D8F0}.CD_ROM|x64.Build.0 = Release|Any CPU
		{BF52D554-86A3-4ECA-BA63-4BF25C36D8F0}.CD_ROM|x86.ActiveCfg = Release|Any CPU
		{BF52D554-86A3-4ECA-BA63-4BF25C36D8F0}.CD_ROM|x86.Build.0 = Release|Any CPU
		{BF52D554-86A3-4ECA-BA63-4BF25C36D8F0}.Debug|Any CPU.ActiveCfg = Debug|Any CPU
		{BF52D554-86A3-4ECA-BA63-4BF25C36D8F0}.Debug|Any CPU.Build.0 = Debug|Any CPU
		{BF52D554-86A3-4ECA-BA63-4BF25C36D8F0}.Debug|ARM.ActiveCfg = Debug|Any CPU
		{BF52D554-86A3-4ECA-BA63-4BF25C36D8F0}.Debug|ARM.Build.0 = Debug|Any CPU
		{BF52D554-86A3-4ECA-BA63-4BF25C36D8F0}.Debug|Mixed Platforms.ActiveCfg = Debug|Any CPU
		{BF52D554-86A3-4ECA-BA63-4BF25C36D8F0}.Debug|Mixed Platforms.Build.0 = Debug|Any CPU
		{BF52D554-86A3-4ECA-BA63-4BF25C36D8F0}.Debug|x64.ActiveCfg = Debug|Any CPU
		{BF52D554-86A3-4ECA-BA63-4BF25C36D8F0}.Debug|x64.Build.0 = Debug|Any CPU
		{BF52D554-86A3-4ECA-BA63-4BF25C36D8F0}.Debug|x86.ActiveCfg = Debug|Any CPU
		{BF52D554-86A3-4ECA-BA63-4BF25C36D8F0}.Debug|x86.Build.0 = Debug|Any CPU
		{BF52D554-86A3-4ECA-BA63-4BF25C36D8F0}.DVD-5|Any CPU.ActiveCfg = Debug|Any CPU
		{BF52D554-86A3-4ECA-BA63-4BF25C36D8F0}.DVD-5|Any CPU.Build.0 = Debug|Any CPU
		{BF52D554-86A3-4ECA-BA63-4BF25C36D8F0}.DVD-5|ARM.ActiveCfg = Debug|Any CPU
		{BF52D554-86A3-4ECA-BA63-4BF25C36D8F0}.DVD-5|ARM.Build.0 = Debug|Any CPU
		{BF52D554-86A3-4ECA-BA63-4BF25C36D8F0}.DVD-5|Mixed Platforms.ActiveCfg = Debug|Any CPU
		{BF52D554-86A3-4ECA-BA63-4BF25C36D8F0}.DVD-5|Mixed Platforms.Build.0 = Debug|Any CPU
		{BF52D554-86A3-4ECA-BA63-4BF25C36D8F0}.DVD-5|x64.ActiveCfg = Debug|Any CPU
		{BF52D554-86A3-4ECA-BA63-4BF25C36D8F0}.DVD-5|x64.Build.0 = Debug|Any CPU
		{BF52D554-86A3-4ECA-BA63-4BF25C36D8F0}.DVD-5|x86.ActiveCfg = Debug|Any CPU
		{BF52D554-86A3-4ECA-BA63-4BF25C36D8F0}.DVD-5|x86.Build.0 = Debug|Any CPU
		{BF52D554-86A3-4ECA-BA63-4BF25C36D8F0}.Release|Any CPU.ActiveCfg = Release|Any CPU
		{BF52D554-86A3-4ECA-BA63-4BF25C36D8F0}.Release|Any CPU.Build.0 = Release|Any CPU
		{BF52D554-86A3-4ECA-BA63-4BF25C36D8F0}.Release|ARM.ActiveCfg = Release|Any CPU
		{BF52D554-86A3-4ECA-BA63-4BF25C36D8F0}.Release|ARM.Build.0 = Release|Any CPU
		{BF52D554-86A3-4ECA-BA63-4BF25C36D8F0}.Release|Mixed Platforms.ActiveCfg = Release|Any CPU
		{BF52D554-86A3-4ECA-BA63-4BF25C36D8F0}.Release|Mixed Platforms.Build.0 = Release|Any CPU
		{BF52D554-86A3-4ECA-BA63-4BF25C36D8F0}.Release|x64.ActiveCfg = Release|Any CPU
		{BF52D554-86A3-4ECA-BA63-4BF25C36D8F0}.Release|x64.Build.0 = Release|Any CPU
		{BF52D554-86A3-4ECA-BA63-4BF25C36D8F0}.Release|x86.ActiveCfg = Release|Any CPU
		{BF52D554-86A3-4ECA-BA63-4BF25C36D8F0}.Release|x86.Build.0 = Release|Any CPU
		{BF52D554-86A3-4ECA-BA63-4BF25C36D8F0}.SingleImage|Any CPU.ActiveCfg = Release|Any CPU
		{BF52D554-86A3-4ECA-BA63-4BF25C36D8F0}.SingleImage|Any CPU.Build.0 = Release|Any CPU
		{BF52D554-86A3-4ECA-BA63-4BF25C36D8F0}.SingleImage|ARM.ActiveCfg = Release|Any CPU
		{BF52D554-86A3-4ECA-BA63-4BF25C36D8F0}.SingleImage|ARM.Build.0 = Release|Any CPU
		{BF52D554-86A3-4ECA-BA63-4BF25C36D8F0}.SingleImage|Mixed Platforms.ActiveCfg = Release|Any CPU
		{BF52D554-86A3-4ECA-BA63-4BF25C36D8F0}.SingleImage|Mixed Platforms.Build.0 = Release|Any CPU
		{BF52D554-86A3-4ECA-BA63-4BF25C36D8F0}.SingleImage|x64.ActiveCfg = Release|Any CPU
		{BF52D554-86A3-4ECA-BA63-4BF25C36D8F0}.SingleImage|x64.Build.0 = Release|Any CPU
		{BF52D554-86A3-4ECA-BA63-4BF25C36D8F0}.SingleImage|x86.ActiveCfg = Release|Any CPU
		{BF52D554-86A3-4ECA-BA63-4BF25C36D8F0}.SingleImage|x86.Build.0 = Release|Any CPU
		{34F38FB6-413D-48E0-9B1D-D0195BBB9E4E}.CD_ROM|Any CPU.ActiveCfg = Release|x86
		{34F38FB6-413D-48E0-9B1D-D0195BBB9E4E}.CD_ROM|Any CPU.Build.0 = Release|x86
		{34F38FB6-413D-48E0-9B1D-D0195BBB9E4E}.CD_ROM|ARM.ActiveCfg = Release|x86
		{34F38FB6-413D-48E0-9B1D-D0195BBB9E4E}.CD_ROM|ARM.Build.0 = Release|x86
		{34F38FB6-413D-48E0-9B1D-D0195BBB9E4E}.CD_ROM|Mixed Platforms.ActiveCfg = Release|x86
		{34F38FB6-413D-48E0-9B1D-D0195BBB9E4E}.CD_ROM|Mixed Platforms.Build.0 = Release|x86
		{34F38FB6-413D-48E0-9B1D-D0195BBB9E4E}.CD_ROM|x64.ActiveCfg = Release|x86
		{34F38FB6-413D-48E0-9B1D-D0195BBB9E4E}.CD_ROM|x64.Build.0 = Release|x86
		{34F38FB6-413D-48E0-9B1D-D0195BBB9E4E}.CD_ROM|x86.ActiveCfg = Release|x86
		{34F38FB6-413D-48E0-9B1D-D0195BBB9E4E}.CD_ROM|x86.Build.0 = Release|x86
		{34F38FB6-413D-48E0-9B1D-D0195BBB9E4E}.Debug|Any CPU.ActiveCfg = Debug|x86
		{34F38FB6-413D-48E0-9B1D-D0195BBB9E4E}.Debug|ARM.ActiveCfg = Debug|x86
		{34F38FB6-413D-48E0-9B1D-D0195BBB9E4E}.Debug|Mixed Platforms.ActiveCfg = Debug|x86
		{34F38FB6-413D-48E0-9B1D-D0195BBB9E4E}.Debug|Mixed Platforms.Build.0 = Debug|x86
		{34F38FB6-413D-48E0-9B1D-D0195BBB9E4E}.Debug|x64.ActiveCfg = Debug|x86
		{34F38FB6-413D-48E0-9B1D-D0195BBB9E4E}.Debug|x86.ActiveCfg = Debug|x86
		{34F38FB6-413D-48E0-9B1D-D0195BBB9E4E}.Debug|x86.Build.0 = Debug|x86
		{34F38FB6-413D-48E0-9B1D-D0195BBB9E4E}.DVD-5|Any CPU.ActiveCfg = Release|x86
		{34F38FB6-413D-48E0-9B1D-D0195BBB9E4E}.DVD-5|Any CPU.Build.0 = Release|x86
		{34F38FB6-413D-48E0-9B1D-D0195BBB9E4E}.DVD-5|ARM.ActiveCfg = Release|x86
		{34F38FB6-413D-48E0-9B1D-D0195BBB9E4E}.DVD-5|ARM.Build.0 = Release|x86
		{34F38FB6-413D-48E0-9B1D-D0195BBB9E4E}.DVD-5|Mixed Platforms.ActiveCfg = Debug|x86
		{34F38FB6-413D-48E0-9B1D-D0195BBB9E4E}.DVD-5|Mixed Platforms.Build.0 = Debug|x86
		{34F38FB6-413D-48E0-9B1D-D0195BBB9E4E}.DVD-5|x64.ActiveCfg = Release|x86
		{34F38FB6-413D-48E0-9B1D-D0195BBB9E4E}.DVD-5|x64.Build.0 = Release|x86
		{34F38FB6-413D-48E0-9B1D-D0195BBB9E4E}.DVD-5|x86.ActiveCfg = Debug|x86
		{34F38FB6-413D-48E0-9B1D-D0195BBB9E4E}.DVD-5|x86.Build.0 = Debug|x86
		{34F38FB6-413D-48E0-9B1D-D0195BBB9E4E}.Release|Any CPU.ActiveCfg = Release|x86
		{34F38FB6-413D-48E0-9B1D-D0195BBB9E4E}.Release|ARM.ActiveCfg = Release|x86
		{34F38FB6-413D-48E0-9B1D-D0195BBB9E4E}.Release|Mixed Platforms.ActiveCfg = Release|x86
		{34F38FB6-413D-48E0-9B1D-D0195BBB9E4E}.Release|Mixed Platforms.Build.0 = Release|x86
		{34F38FB6-413D-48E0-9B1D-D0195BBB9E4E}.Release|x64.ActiveCfg = Release|x86
		{34F38FB6-413D-48E0-9B1D-D0195BBB9E4E}.Release|x86.ActiveCfg = Release|x86
		{34F38FB6-413D-48E0-9B1D-D0195BBB9E4E}.Release|x86.Build.0 = Release|x86
		{34F38FB6-413D-48E0-9B1D-D0195BBB9E4E}.SingleImage|Any CPU.ActiveCfg = Release|x86
		{34F38FB6-413D-48E0-9B1D-D0195BBB9E4E}.SingleImage|Any CPU.Build.0 = Release|x86
		{34F38FB6-413D-48E0-9B1D-D0195BBB9E4E}.SingleImage|ARM.ActiveCfg = Release|x86
		{34F38FB6-413D-48E0-9B1D-D0195BBB9E4E}.SingleImage|ARM.Build.0 = Release|x86
		{34F38FB6-413D-48E0-9B1D-D0195BBB9E4E}.SingleImage|Mixed Platforms.ActiveCfg = Release|x86
		{34F38FB6-413D-48E0-9B1D-D0195BBB9E4E}.SingleImage|Mixed Platforms.Build.0 = Release|x86
		{34F38FB6-413D-48E0-9B1D-D0195BBB9E4E}.SingleImage|x64.ActiveCfg = Release|x86
		{34F38FB6-413D-48E0-9B1D-D0195BBB9E4E}.SingleImage|x64.Build.0 = Release|x86
		{34F38FB6-413D-48E0-9B1D-D0195BBB9E4E}.SingleImage|x86.ActiveCfg = Release|x86
		{34F38FB6-413D-48E0-9B1D-D0195BBB9E4E}.SingleImage|x86.Build.0 = Release|x86
		{2891D0ED-D634-4108-9F95-2594814B47A2}.CD_ROM|Any CPU.ActiveCfg = Release|x86
		{2891D0ED-D634-4108-9F95-2594814B47A2}.CD_ROM|Any CPU.Build.0 = Release|x86
		{2891D0ED-D634-4108-9F95-2594814B47A2}.CD_ROM|ARM.ActiveCfg = Release|x86
		{2891D0ED-D634-4108-9F95-2594814B47A2}.CD_ROM|ARM.Build.0 = Release|x86
		{2891D0ED-D634-4108-9F95-2594814B47A2}.CD_ROM|Mixed Platforms.ActiveCfg = Release|x86
		{2891D0ED-D634-4108-9F95-2594814B47A2}.CD_ROM|Mixed Platforms.Build.0 = Release|x86
		{2891D0ED-D634-4108-9F95-2594814B47A2}.CD_ROM|x64.ActiveCfg = Release|x86
		{2891D0ED-D634-4108-9F95-2594814B47A2}.CD_ROM|x64.Build.0 = Release|x86
		{2891D0ED-D634-4108-9F95-2594814B47A2}.CD_ROM|x86.ActiveCfg = Release|x86
		{2891D0ED-D634-4108-9F95-2594814B47A2}.CD_ROM|x86.Build.0 = Release|x86
		{2891D0ED-D634-4108-9F95-2594814B47A2}.Debug|Any CPU.ActiveCfg = Debug|x86
		{2891D0ED-D634-4108-9F95-2594814B47A2}.Debug|ARM.ActiveCfg = Debug|x86
		{2891D0ED-D634-4108-9F95-2594814B47A2}.Debug|Mixed Platforms.ActiveCfg = Debug|x86
		{2891D0ED-D634-4108-9F95-2594814B47A2}.Debug|Mixed Platforms.Build.0 = Debug|x86
		{2891D0ED-D634-4108-9F95-2594814B47A2}.Debug|x64.ActiveCfg = Debug|x86
		{2891D0ED-D634-4108-9F95-2594814B47A2}.Debug|x86.ActiveCfg = Debug|x86
		{2891D0ED-D634-4108-9F95-2594814B47A2}.Debug|x86.Build.0 = Debug|x86
		{2891D0ED-D634-4108-9F95-2594814B47A2}.DVD-5|Any CPU.ActiveCfg = Release|x86
		{2891D0ED-D634-4108-9F95-2594814B47A2}.DVD-5|Any CPU.Build.0 = Release|x86
		{2891D0ED-D634-4108-9F95-2594814B47A2}.DVD-5|ARM.ActiveCfg = Release|x86
		{2891D0ED-D634-4108-9F95-2594814B47A2}.DVD-5|ARM.Build.0 = Release|x86
		{2891D0ED-D634-4108-9F95-2594814B47A2}.DVD-5|Mixed Platforms.ActiveCfg = Debug|x86
		{2891D0ED-D634-4108-9F95-2594814B47A2}.DVD-5|Mixed Platforms.Build.0 = Debug|x86
		{2891D0ED-D634-4108-9F95-2594814B47A2}.DVD-5|x64.ActiveCfg = Release|x86
		{2891D0ED-D634-4108-9F95-2594814B47A2}.DVD-5|x64.Build.0 = Release|x86
		{2891D0ED-D634-4108-9F95-2594814B47A2}.DVD-5|x86.ActiveCfg = Debug|x86
		{2891D0ED-D634-4108-9F95-2594814B47A2}.DVD-5|x86.Build.0 = Debug|x86
		{2891D0ED-D634-4108-9F95-2594814B47A2}.Release|Any CPU.ActiveCfg = Release|x86
		{2891D0ED-D634-4108-9F95-2594814B47A2}.Release|ARM.ActiveCfg = Release|x86
		{2891D0ED-D634-4108-9F95-2594814B47A2}.Release|Mixed Platforms.ActiveCfg = Release|x86
		{2891D0ED-D634-4108-9F95-2594814B47A2}.Release|Mixed Platforms.Build.0 = Release|x86
		{2891D0ED-D634-4108-9F95-2594814B47A2}.Release|x64.ActiveCfg = Release|x86
		{2891D0ED-D634-4108-9F95-2594814B47A2}.Release|x86.ActiveCfg = Release|x86
		{2891D0ED-D634-4108-9F95-2594814B47A2}.Release|x86.Build.0 = Release|x86
		{2891D0ED-D634-4108-9F95-2594814B47A2}.SingleImage|Any CPU.ActiveCfg = Release|x86
		{2891D0ED-D634-4108-9F95-2594814B47A2}.SingleImage|Any CPU.Build.0 = Release|x86
		{2891D0ED-D634-4108-9F95-2594814B47A2}.SingleImage|ARM.ActiveCfg = Release|x86
		{2891D0ED-D634-4108-9F95-2594814B47A2}.SingleImage|ARM.Build.0 = Release|x86
		{2891D0ED-D634-4108-9F95-2594814B47A2}.SingleImage|Mixed Platforms.ActiveCfg = Release|x86
		{2891D0ED-D634-4108-9F95-2594814B47A2}.SingleImage|Mixed Platforms.Build.0 = Release|x86
		{2891D0ED-D634-4108-9F95-2594814B47A2}.SingleImage|x64.ActiveCfg = Release|x86
		{2891D0ED-D634-4108-9F95-2594814B47A2}.SingleImage|x64.Build.0 = Release|x86
		{2891D0ED-D634-4108-9F95-2594814B47A2}.SingleImage|x86.ActiveCfg = Release|x86
		{2891D0ED-D634-4108-9F95-2594814B47A2}.SingleImage|x86.Build.0 = Release|x86
	EndGlobalSection
	GlobalSection(SolutionProperties) = preSolution
		HideSolutionNode = FALSE
	EndGlobalSection
EndGlobal
